// !$*UTF8*$!
{
	archiveVersion = 1;
	classes = {
	};
	objectVersion = 50;
	objects = {

/* Begin PBXBuildFile section */
		9655EAB62546CFEA009FDBEC /* AppDelegate.swift in Sources */ = {isa = PBXBuildFile; fileRef = 9655EAB52546CFEA009FDBEC /* AppDelegate.swift */; };
		9655EAB82546CFEA009FDBEC /* SceneDelegate.swift in Sources */ = {isa = PBXBuildFile; fileRef = 9655EAB72546CFEA009FDBEC /* SceneDelegate.swift */; };
		9655EABA2546CFEA009FDBEC /* ViewController.swift in Sources */ = {isa = PBXBuildFile; fileRef = 9655EAB92546CFEA009FDBEC /* ViewController.swift */; };
		9655EABD2546CFEA009FDBEC /* Main.storyboard in Resources */ = {isa = PBXBuildFile; fileRef = 9655EABB2546CFEA009FDBEC /* Main.storyboard */; };
		9655EABF2546CFEC009FDBEC /* Assets.xcassets in Resources */ = {isa = PBXBuildFile; fileRef = 9655EABE2546CFEC009FDBEC /* Assets.xcassets */; };
		9655EAC22546CFEC009FDBEC /* LaunchScreen.storyboard in Resources */ = {isa = PBXBuildFile; fileRef = 9655EAC02546CFEC009FDBEC /* LaunchScreen.storyboard */; };
		9655EACD25470A13009FDBEC /* PicturesViewController.swift in Sources */ = {isa = PBXBuildFile; fileRef = 9655EACC25470A13009FDBEC /* PicturesViewController.swift */; };
		9655EAD425481726009FDBEC /* picturesCell.xib in Resources */ = {isa = PBXBuildFile; fileRef = 9655EAD325481726009FDBEC /* picturesCell.xib */; };
		9655EAD725481BB8009FDBEC /* PictureCell.swift in Sources */ = {isa = PBXBuildFile; fileRef = 9655EAD625481BB8009FDBEC /* PictureCell.swift */; };
/* End PBXBuildFile section */

/* Begin PBXFileReference section */
		9655EAB22546CFEA009FDBEC /* photo-app.app */ = {isa = PBXFileReference; explicitFileType = wrapper.application; includeInIndex = 0; path = "photo-app.app"; sourceTree = BUILT_PRODUCTS_DIR; };
		9655EAB52546CFEA009FDBEC /* AppDelegate.swift */ = {isa = PBXFileReference; lastKnownFileType = sourcecode.swift; path = AppDelegate.swift; sourceTree = "<group>"; };
		9655EAB72546CFEA009FDBEC /* SceneDelegate.swift */ = {isa = PBXFileReference; lastKnownFileType = sourcecode.swift; path = SceneDelegate.swift; sourceTree = "<group>"; };
		9655EAB92546CFEA009FDBEC /* ViewController.swift */ = {isa = PBXFileReference; lastKnownFileType = sourcecode.swift; path = ViewController.swift; sourceTree = "<group>"; };
		9655EABC2546CFEA009FDBEC /* Base */ = {isa = PBXFileReference; lastKnownFileType = file.storyboard; name = Base; path = Base.lproj/Main.storyboard; sourceTree = "<group>"; };
		9655EABE2546CFEC009FDBEC /* Assets.xcassets */ = {isa = PBXFileReference; lastKnownFileType = folder.assetcatalog; path = Assets.xcassets; sourceTree = "<group>"; };
		9655EAC12546CFEC009FDBEC /* Base */ = {isa = PBXFileReference; lastKnownFileType = file.storyboard; name = Base; path = Base.lproj/LaunchScreen.storyboard; sourceTree = "<group>"; };
		9655EAC32546CFEC009FDBEC /* Info.plist */ = {isa = PBXFileReference; lastKnownFileType = text.plist.xml; path = Info.plist; sourceTree = "<group>"; };
		9655EACC25470A13009FDBEC /* PicturesViewController.swift */ = {isa = PBXFileReference; lastKnownFileType = sourcecode.swift; path = PicturesViewController.swift; sourceTree = "<group>"; };
		9655EAD325481726009FDBEC /* picturesCell.xib */ = {isa = PBXFileReference; lastKnownFileType = file.xib; path = picturesCell.xib; sourceTree = "<group>"; };
		9655EAD625481BB8009FDBEC /* PictureCell.swift */ = {isa = PBXFileReference; lastKnownFileType = sourcecode.swift; path = PictureCell.swift; sourceTree = "<group>"; };
/* End PBXFileReference section */

/* Begin PBXFrameworksBuildPhase section */
		9655EAAF2546CFEA009FDBEC /* Frameworks */ = {
			isa = PBXFrameworksBuildPhase;
			buildActionMask = 2147483647;
			files = (
			);
			runOnlyForDeploymentPostprocessing = 0;
		};
/* End PBXFrameworksBuildPhase section */

/* Begin PBXGroup section */
		9655EAA92546CFEA009FDBEC = {
			isa = PBXGroup;
			children = (
				9655EAB42546CFEA009FDBEC /* photo-app */,
				9655EAB32546CFEA009FDBEC /* Products */,
			);
			sourceTree = "<group>";
		};
		9655EAB32546CFEA009FDBEC /* Products */ = {
			isa = PBXGroup;
			children = (
				9655EAB22546CFEA009FDBEC /* photo-app.app */,
			);
			name = Products;
			sourceTree = "<group>";
		};
		9655EAB42546CFEA009FDBEC /* photo-app */ = {
			isa = PBXGroup;
			children = (
				9655EACA254709B7009FDBEC /* Features */,
				9655EAB52546CFEA009FDBEC /* AppDelegate.swift */,
				9655EAB72546CFEA009FDBEC /* SceneDelegate.swift */,
				9655EAB92546CFEA009FDBEC /* ViewController.swift */,
				9655EABB2546CFEA009FDBEC /* Main.storyboard */,
				9655EABE2546CFEC009FDBEC /* Assets.xcassets */,
				9655EAC02546CFEC009FDBEC /* LaunchScreen.storyboard */,
				9655EAC32546CFEC009FDBEC /* Info.plist */,
			);
			path = "photo-app";
			sourceTree = "<group>";
		};
		9655EACA254709B7009FDBEC /* Features */ = {
			isa = PBXGroup;
			children = (
				9655EACB254709DC009FDBEC /* Pictures collection */,
			);
			path = Features;
			sourceTree = "<group>";
		};
		9655EACB254709DC009FDBEC /* Pictures collection */ = {
			isa = PBXGroup;
			children = (
				9655EACC25470A13009FDBEC /* PicturesViewController.swift */,
				9655EAD325481726009FDBEC /* picturesCell.xib */,
				9655EAD625481BB8009FDBEC /* PictureCell.swift */,
			);
			path = "Pictures collection";
			sourceTree = "<group>";
		};
/* End PBXGroup section */

/* Begin PBXNativeTarget section */
		9655EAB12546CFEA009FDBEC /* photo-app */ = {
			isa = PBXNativeTarget;
			buildConfigurationList = 9655EAC62546CFEC009FDBEC /* Build configuration list for PBXNativeTarget "photo-app" */;
			buildPhases = (
				9655EAAE2546CFEA009FDBEC /* Sources */,
				9655EAAF2546CFEA009FDBEC /* Frameworks */,
				9655EAB02546CFEA009FDBEC /* Resources */,
			);
			buildRules = (
			);
			dependencies = (
			);
			name = "photo-app";
			productName = "photo-app";
			productReference = 9655EAB22546CFEA009FDBEC /* photo-app.app */;
			productType = "com.apple.product-type.application";
		};
/* End PBXNativeTarget section */

/* Begin PBXProject section */
		9655EAAA2546CFEA009FDBEC /* Project object */ = {
			isa = PBXProject;
			attributes = {
				LastSwiftUpdateCheck = 1200;
				LastUpgradeCheck = 1200;
				TargetAttributes = {
					9655EAB12546CFEA009FDBEC = {
						CreatedOnToolsVersion = 12.0.1;
					};
				};
			};
			buildConfigurationList = 9655EAAD2546CFEA009FDBEC /* Build configuration list for PBXProject "photo-app" */;
			compatibilityVersion = "Xcode 9.3";
			developmentRegion = en;
			hasScannedForEncodings = 0;
			knownRegions = (
				en,
				Base,
			);
			mainGroup = 9655EAA92546CFEA009FDBEC;
			productRefGroup = 9655EAB32546CFEA009FDBEC /* Products */;
			projectDirPath = "";
			projectRoot = "";
			targets = (
				9655EAB12546CFEA009FDBEC /* photo-app */,
			);
		};
/* End PBXProject section */

/* Begin PBXResourcesBuildPhase section */
		9655EAB02546CFEA009FDBEC /* Resources */ = {
			isa = PBXResourcesBuildPhase;
			buildActionMask = 2147483647;
			files = (
				9655EAD425481726009FDBEC /* picturesCell.xib in Resources */,
				9655EAC22546CFEC009FDBEC /* LaunchScreen.storyboard in Resources */,
				9655EABF2546CFEC009FDBEC /* Assets.xcassets in Resources */,
				9655EABD2546CFEA009FDBEC /* Main.storyboard in Resources */,
			);
			runOnlyForDeploymentPostprocessing = 0;
		};
/* End PBXResourcesBuildPhase section */

/* Begin PBXSourcesBuildPhase section */
		9655EAAE2546CFEA009FDBEC /* Sources */ = {
			isa = PBXSourcesBuildPhase;
			buildActionMask = 2147483647;
			files = (
				9655EABA2546CFEA009FDBEC /* ViewController.swift in Sources */,
				9655EACD25470A13009FDBEC /* PicturesViewController.swift in Sources */,
				9655EAD725481BB8009FDBEC /* PictureCell.swift in Sources */,
				9655EAB62546CFEA009FDBEC /* AppDelegate.swift in Sources */,
				9655EAB82546CFEA009FDBEC /* SceneDelegate.swift in Sources */,
			);
			runOnlyForDeploymentPostprocessing = 0;
		};
/* End PBXSourcesBuildPhase section */

/* Begin PBXVariantGroup section */
		9655EABB2546CFEA009FDBEC /* Main.storyboard */ = {
			isa = PBXVariantGroup;
			children = (
				9655EABC2546CFEA009FDBEC /* Base */,
			);
			name = Main.storyboard;
			sourceTree = "<group>";
		};
		9655EAC02546CFEC009FDBEC /* LaunchScreen.storyboard */ = {
			isa = PBXVariantGroup;
			children = (
				9655EAC12546CFEC009FDBEC /* Base */,
			);
			name = LaunchScreen.storyboard;
			sourceTree = "<group>";
		};
/* End PBXVariantGroup section */

/* Begin XCBuildConfiguration section */
		9655EAC42546CFEC009FDBEC /* Debug */ = {
			isa = XCBuildConfiguration;
			buildSettings = {
				ALWAYS_SEARCH_USER_PATHS = NO;
				CLANG_ANALYZER_NONNULL = YES;
				CLANG_ANALYZER_NUMBER_OBJECT_CONVERSION = YES_AGGRESSIVE;
				CLANG_CXX_LANGUAGE_STANDARD = "gnu++14";
				CLANG_CXX_LIBRARY = "libc++";
				CLANG_ENABLE_MODULES = YES;
				CLANG_ENABLE_OBJC_ARC = YES;
				CLANG_ENABLE_OBJC_WEAK = YES;
				CLANG_WARN_BLOCK_CAPTURE_AUTORELEASING = YES;
				CLANG_WARN_BOOL_CONVERSION = YES;
				CLANG_WARN_COMMA = YES;
				CLANG_WARN_CONSTANT_CONVERSION = YES;
				CLANG_WARN_DEPRECATED_OBJC_IMPLEMENTATIONS = YES;
				CLANG_WARN_DIRECT_OBJC_ISA_USAGE = YES_ERROR;
				CLANG_WARN_DOCUMENTATION_COMMENTS = YES;
				CLANG_WARN_EMPTY_BODY = YES;
				CLANG_WARN_ENUM_CONVERSION = YES;
				CLANG_WARN_INFINITE_RECURSION = YES;
				CLANG_WARN_INT_CONVERSION = YES;
				CLANG_WARN_NON_LITERAL_NULL_CONVERSION = YES;
				CLANG_WARN_OBJC_IMPLICIT_RETAIN_SELF = YES;
				CLANG_WARN_OBJC_LITERAL_CONVERSION = YES;
				CLANG_WARN_OBJC_ROOT_CLASS = YES_ERROR;
				CLANG_WARN_QUOTED_INCLUDE_IN_FRAMEWORK_HEADER = YES;
				CLANG_WARN_RANGE_LOOP_ANALYSIS = YES;
				CLANG_WARN_STRICT_PROTOTYPES = YES;
				CLANG_WARN_SUSPICIOUS_MOVE = YES;
				CLANG_WARN_UNGUARDED_AVAILABILITY = YES_AGGRESSIVE;
				CLANG_WARN_UNREACHABLE_CODE = YES;
				CLANG_WARN__DUPLICATE_METHOD_MATCH = YES;
				COPY_PHASE_STRIP = NO;
				DEBUG_INFORMATION_FORMAT = dwarf;
				ENABLE_STRICT_OBJC_MSGSEND = YES;
				ENABLE_TESTABILITY = YES;
				GCC_C_LANGUAGE_STANDARD = gnu11;
				GCC_DYNAMIC_NO_PIC = NO;
				GCC_NO_COMMON_BLOCKS = YES;
				GCC_OPTIMIZATION_LEVEL = 0;
				GCC_PREPROCESSOR_DEFINITIONS = (
					"DEBUG=1",
					"$(inherited)",
				);
				GCC_WARN_64_TO_32_BIT_CONVERSION = YES;
				GCC_WARN_ABOUT_RETURN_TYPE = YES_ERROR;
				GCC_WARN_UNDECLARED_SELECTOR = YES;
				GCC_WARN_UNINITIALIZED_AUTOS = YES_AGGRESSIVE;
				GCC_WARN_UNUSED_FUNCTION = YES;
				GCC_WARN_UNUSED_VARIABLE = YES;
				IPHONEOS_DEPLOYMENT_TARGET = 14.0;
				MTL_ENABLE_DEBUG_INFO = INCLUDE_SOURCE;
				MTL_FAST_MATH = YES;
				ONLY_ACTIVE_ARCH = YES;
				SDKROOT = iphoneos;
				SWIFT_ACTIVE_COMPILATION_CONDITIONS = DEBUG;
				SWIFT_OPTIMIZATION_LEVEL = "-Onone";
			};
			name = Debug;
		};
		9655EAC52546CFEC009FDBEC /* Release */ = {
			isa = XCBuildConfiguration;
			buildSettings = {
				ALWAYS_SEARCH_USER_PATHS = NO;
				CLANG_ANALYZER_NONNULL = YES;
				CLANG_ANALYZER_NUMBER_OBJECT_CONVERSION = YES_AGGRESSIVE;
				CLANG_CXX_LANGUAGE_STANDARD = "gnu++14";
				CLANG_CXX_LIBRARY = "libc++";
				CLANG_ENABLE_MODULES = YES;
				CLANG_ENABLE_OBJC_ARC = YES;
				CLANG_ENABLE_OBJC_WEAK = YES;
				CLANG_WARN_BLOCK_CAPTURE_AUTORELEASING = YES;
				CLANG_WARN_BOOL_CONVERSION = YES;
				CLANG_WARN_COMMA = YES;
				CLANG_WARN_CONSTANT_CONVERSION = YES;
				CLANG_WARN_DEPRECATED_OBJC_IMPLEMENTATIONS = YES;
				CLANG_WARN_DIRECT_OBJC_ISA_USAGE = YES_ERROR;
				CLANG_WARN_DOCUMENTATION_COMMENTS = YES;
				CLANG_WARN_EMPTY_BODY = YES;
				CLANG_WARN_ENUM_CONVERSION = YES;
				CLANG_WARN_INFINITE_RECURSION = YES;
				CLANG_WARN_INT_CONVERSION = YES;
				CLANG_WARN_NON_LITERAL_NULL_CONVERSION = YES;
				CLANG_WARN_OBJC_IMPLICIT_RETAIN_SELF = YES;
				CLANG_WARN_OBJC_LITERAL_CONVERSION = YES;
				CLANG_WARN_OBJC_ROOT_CLASS = YES_ERROR;
				CLANG_WARN_QUOTED_INCLUDE_IN_FRAMEWORK_HEADER = YES;
				CLANG_WARN_RANGE_LOOP_ANALYSIS = YES;
				CLANG_WARN_STRICT_PROTOTYPES = YES;
				CLANG_WARN_SUSPICIOUS_MOVE = YES;
				CLANG_WARN_UNGUARDED_AVAILABILITY = YES_AGGRESSIVE;
				CLANG_WARN_UNREACHABLE_CODE = YES;
				CLANG_WARN__DUPLICATE_METHOD_MATCH = YES;
				COPY_PHASE_STRIP = NO;
				DEBUG_INFORMATION_FORMAT = "dwarf-with-dsym";
				ENABLE_NS_ASSERTIONS = NO;
				ENABLE_STRICT_OBJC_MSGSEND = YES;
				GCC_C_LANGUAGE_STANDARD = gnu11;
				GCC_NO_COMMON_BLOCKS = YES;
				GCC_WARN_64_TO_32_BIT_CONVERSION = YES;
				GCC_WARN_ABOUT_RETURN_TYPE = YES_ERROR;
				GCC_WARN_UNDECLARED_SELECTOR = YES;
				GCC_WARN_UNINITIALIZED_AUTOS = YES_AGGRESSIVE;
				GCC_WARN_UNUSED_FUNCTION = YES;
				GCC_WARN_UNUSED_VARIABLE = YES;
				IPHONEOS_DEPLOYMENT_TARGET = 14.0;
				MTL_ENABLE_DEBUG_INFO = NO;
				MTL_FAST_MATH = YES;
				SDKROOT = iphoneos;
				SWIFT_COMPILATION_MODE = wholemodule;
				SWIFT_OPTIMIZATION_LEVEL = "-O";
				VALIDATE_PRODUCT = YES;
			};
			name = Release;
		};
		9655EAC72546CFEC009FDBEC /* Debug */ = {
			isa = XCBuildConfiguration;
			buildSettings = {
				ASSETCATALOG_COMPILER_APPICON_NAME = AppIcon;
				ASSETCATALOG_COMPILER_GLOBAL_ACCENT_COLOR_NAME = AccentColor;
				CODE_SIGN_STYLE = Automatic;
				INFOPLIST_FILE = "photo-app/Info.plist";
				LD_RUNPATH_SEARCH_PATHS = (
					"$(inherited)",
					"@executable_path/Frameworks",
				);
				PRODUCT_BUNDLE_IDENTIFIER = "bamboo.marta.photo-app";
				PRODUCT_NAME = "$(TARGET_NAME)";
				SWIFT_VERSION = 5.0;
				TARGETED_DEVICE_FAMILY = "1,2";
			};
			name = Debug;
		};
		9655EAC82546CFEC009FDBEC /* Release */ = {
			isa = XCBuildConfiguration;
			buildSettings = {
				ASSETCATALOG_COMPILER_APPICON_NAME = AppIcon;
				ASSETCATALOG_COMPILER_GLOBAL_ACCENT_COLOR_NAME = AccentColor;
				CODE_SIGN_STYLE = Automatic;
				INFOPLIST_FILE = "photo-app/Info.plist";
				LD_RUNPATH_SEARCH_PATHS = (
					"$(inherited)",
					"@executable_path/Frameworks",
				);
				PRODUCT_BUNDLE_IDENTIFIER = "bamboo.marta.photo-app";
				PRODUCT_NAME = "$(TARGET_NAME)";
				SWIFT_VERSION = 5.0;
				TARGETED_DEVICE_FAMILY = "1,2";
			};
			name = Release;
		};
/* End XCBuildConfiguration section */

/* Begin XCConfigurationList section */
		9655EAAD2546CFEA009FDBEC /* Build configuration list for PBXProject "photo-app" */ = {
			isa = XCConfigurationList;
			buildConfigurations = (
				9655EAC42546CFEC009FDBEC /* Debug */,
				9655EAC52546CFEC009FDBEC /* Release */,
			);
			defaultConfigurationIsVisible = 0;
			defaultConfigurationName = Release;
		};
		9655EAC62546CFEC009FDBEC /* Build configuration list for PBXNativeTarget "photo-app" */ = {
			isa = XCConfigurationList;
			buildConfigurations = (
				9655EAC72546CFEC009FDBEC /* Debug */,
				9655EAC82546CFEC009FDBEC /* Release */,
			);
			defaultConfigurationIsVisible = 0;
			defaultConfigurationName = Release;
		};
/* End XCConfigurationList section */
	};
	rootObject = 9655EAAA2546CFEA009FDBEC /* Project object */;
}
